// !$*UTF8*$!
{
	archiveVersion = 1;
	classes = {
	};
	objectVersion = 56;
	objects = {

/* Begin PBXBuildFile section */
		EA7A69782A386E4900B76026 /* AppDelegate.swift in Sources */ = {isa = PBXBuildFile; fileRef = EA7A69772A386E4900B76026 /* AppDelegate.swift */; };
		EA7A697A2A386E4900B76026 /* SceneDelegate.swift in Sources */ = {isa = PBXBuildFile; fileRef = EA7A69792A386E4900B76026 /* SceneDelegate.swift */; };
		EA7A69812A386E4900B76026 /* Assets.xcassets in Resources */ = {isa = PBXBuildFile; fileRef = EA7A69802A386E4900B76026 /* Assets.xcassets */; };
		EA7A69842A386E4900B76026 /* LaunchScreen.storyboard in Resources */ = {isa = PBXBuildFile; fileRef = EA7A69822A386E4900B76026 /* LaunchScreen.storyboard */; };
		EA7A698F2A386E4900B76026 /* TamatemPlusTests.swift in Sources */ = {isa = PBXBuildFile; fileRef = EA7A698E2A386E4900B76026 /* TamatemPlusTests.swift */; };
		EA7A69992A386E4900B76026 /* TamatemPlusUITests.swift in Sources */ = {isa = PBXBuildFile; fileRef = EA7A69982A386E4900B76026 /* TamatemPlusUITests.swift */; };
		EA7A699B2A386E4900B76026 /* TamatemPlusUITestsLaunchTests.swift in Sources */ = {isa = PBXBuildFile; fileRef = EA7A699A2A386E4900B76026 /* TamatemPlusUITestsLaunchTests.swift */; };
		EA7A69B82A3870E500B76026 /* BaseViewController.swift in Sources */ = {isa = PBXBuildFile; fileRef = EA7A69B72A3870E500B76026 /* BaseViewController.swift */; };
		EA7A69BA2A38711700B76026 /* UIApplication.swift in Sources */ = {isa = PBXBuildFile; fileRef = EA7A69B92A38711700B76026 /* UIApplication.swift */; };
		EA7A69BC2A38714500B76026 /* UIView.swift in Sources */ = {isa = PBXBuildFile; fileRef = EA7A69BB2A38714500B76026 /* UIView.swift */; };
		EA7A69BE2A38718900B76026 /* UIViewController.swift in Sources */ = {isa = PBXBuildFile; fileRef = EA7A69BD2A38718900B76026 /* UIViewController.swift */; };
		EA7A69C22A38721700B76026 /* Storyboards.swift in Sources */ = {isa = PBXBuildFile; fileRef = EA7A69C12A38721700B76026 /* Storyboards.swift */; };
		EA7A69C42A38722500B76026 /* StoryboardIdentifiable.swift in Sources */ = {isa = PBXBuildFile; fileRef = EA7A69C32A38722500B76026 /* StoryboardIdentifiable.swift */; };
		EA7A69CA2A38735100B76026 /* WebViewModel.swift in Sources */ = {isa = PBXBuildFile; fileRef = EA7A69C92A38735100B76026 /* WebViewModel.swift */; };
		EA7A69CC2A38736200B76026 /* WebView.storyboard in Resources */ = {isa = PBXBuildFile; fileRef = EA7A69CB2A38736200B76026 /* WebView.storyboard */; };
		EA7A69CE2A38738400B76026 /* WebViewViewController.swift in Sources */ = {isa = PBXBuildFile; fileRef = EA7A69CD2A38738400B76026 /* WebViewViewController.swift */; };
		EA7A69D92A38755E00B76026 /* HomeModel.swift in Sources */ = {isa = PBXBuildFile; fileRef = EA7A69D82A38755E00B76026 /* HomeModel.swift */; };
		EA7A69DB2A38756600B76026 /* Home.storyboard in Resources */ = {isa = PBXBuildFile; fileRef = EA7A69DA2A38756600B76026 /* Home.storyboard */; };
		EA7A69DD2A38757300B76026 /* HomeViewController.swift in Sources */ = {isa = PBXBuildFile; fileRef = EA7A69DC2A38757300B76026 /* HomeViewController.swift */; };
		EA7A69DF2A38759900B76026 /* SplashScreenViewController.swift in Sources */ = {isa = PBXBuildFile; fileRef = EA7A69DE2A38759900B76026 /* SplashScreenViewController.swift */; };
		EA7A69E02A38789100B76026 /* colors.xcassets in Resources */ = {isa = PBXBuildFile; fileRef = EA7A69AD2A386FDF00B76026 /* colors.xcassets */; };
		EA7A69E12A387B8B00B76026 /* Main.storyboard in Resources */ = {isa = PBXBuildFile; fileRef = EA7A69D62A3874DB00B76026 /* Main.storyboard */; };
		EA7A69E42A38808800B76026 /* AppConstants.swift in Sources */ = {isa = PBXBuildFile; fileRef = EA7A69E32A38808800B76026 /* AppConstants.swift */; };
/* End PBXBuildFile section */

/* Begin PBXContainerItemProxy section */
		EA7A698B2A386E4900B76026 /* PBXContainerItemProxy */ = {
			isa = PBXContainerItemProxy;
			containerPortal = EA7A696C2A386E4800B76026 /* Project object */;
			proxyType = 1;
			remoteGlobalIDString = EA7A69732A386E4900B76026;
			remoteInfo = TamatemPlus;
		};
		EA7A69952A386E4900B76026 /* PBXContainerItemProxy */ = {
			isa = PBXContainerItemProxy;
			containerPortal = EA7A696C2A386E4800B76026 /* Project object */;
			proxyType = 1;
			remoteGlobalIDString = EA7A69732A386E4900B76026;
			remoteInfo = TamatemPlus;
		};
/* End PBXContainerItemProxy section */

/* Begin PBXFileReference section */
		EA7A69742A386E4900B76026 /* TamatemPlus.app */ = {isa = PBXFileReference; explicitFileType = wrapper.application; includeInIndex = 0; path = TamatemPlus.app; sourceTree = BUILT_PRODUCTS_DIR; };
		EA7A69772A386E4900B76026 /* AppDelegate.swift */ = {isa = PBXFileReference; lastKnownFileType = sourcecode.swift; path = AppDelegate.swift; sourceTree = "<group>"; };
		EA7A69792A386E4900B76026 /* SceneDelegate.swift */ = {isa = PBXFileReference; lastKnownFileType = sourcecode.swift; path = SceneDelegate.swift; sourceTree = "<group>"; };
		EA7A69802A386E4900B76026 /* Assets.xcassets */ = {isa = PBXFileReference; lastKnownFileType = folder.assetcatalog; path = Assets.xcassets; sourceTree = "<group>"; };
		EA7A69832A386E4900B76026 /* Base */ = {isa = PBXFileReference; lastKnownFileType = file.storyboard; name = Base; path = Base.lproj/LaunchScreen.storyboard; sourceTree = "<group>"; };
		EA7A69852A386E4900B76026 /* Info.plist */ = {isa = PBXFileReference; lastKnownFileType = text.plist.xml; path = Info.plist; sourceTree = "<group>"; };
		EA7A698A2A386E4900B76026 /* TamatemPlusTests.xctest */ = {isa = PBXFileReference; explicitFileType = wrapper.cfbundle; includeInIndex = 0; path = TamatemPlusTests.xctest; sourceTree = BUILT_PRODUCTS_DIR; };
		EA7A698E2A386E4900B76026 /* TamatemPlusTests.swift */ = {isa = PBXFileReference; lastKnownFileType = sourcecode.swift; path = TamatemPlusTests.swift; sourceTree = "<group>"; };
		EA7A69942A386E4900B76026 /* TamatemPlusUITests.xctest */ = {isa = PBXFileReference; explicitFileType = wrapper.cfbundle; includeInIndex = 0; path = TamatemPlusUITests.xctest; sourceTree = BUILT_PRODUCTS_DIR; };
		EA7A69982A386E4900B76026 /* TamatemPlusUITests.swift */ = {isa = PBXFileReference; lastKnownFileType = sourcecode.swift; path = TamatemPlusUITests.swift; sourceTree = "<group>"; };
		EA7A699A2A386E4900B76026 /* TamatemPlusUITestsLaunchTests.swift */ = {isa = PBXFileReference; lastKnownFileType = sourcecode.swift; path = TamatemPlusUITestsLaunchTests.swift; sourceTree = "<group>"; };
		EA7A69AD2A386FDF00B76026 /* colors.xcassets */ = {isa = PBXFileReference; lastKnownFileType = folder.assetcatalog; path = colors.xcassets; sourceTree = "<group>"; };
		EA7A69B72A3870E500B76026 /* BaseViewController.swift */ = {isa = PBXFileReference; lastKnownFileType = sourcecode.swift; path = BaseViewController.swift; sourceTree = "<group>"; };
		EA7A69B92A38711700B76026 /* UIApplication.swift */ = {isa = PBXFileReference; lastKnownFileType = sourcecode.swift; path = UIApplication.swift; sourceTree = "<group>"; };
		EA7A69BB2A38714500B76026 /* UIView.swift */ = {isa = PBXFileReference; lastKnownFileType = sourcecode.swift; path = UIView.swift; sourceTree = "<group>"; };
		EA7A69BD2A38718900B76026 /* UIViewController.swift */ = {isa = PBXFileReference; lastKnownFileType = sourcecode.swift; path = UIViewController.swift; sourceTree = "<group>"; };
		EA7A69C12A38721700B76026 /* Storyboards.swift */ = {isa = PBXFileReference; lastKnownFileType = sourcecode.swift; path = Storyboards.swift; sourceTree = "<group>"; };
		EA7A69C32A38722500B76026 /* StoryboardIdentifiable.swift */ = {isa = PBXFileReference; lastKnownFileType = sourcecode.swift; path = StoryboardIdentifiable.swift; sourceTree = "<group>"; };
		EA7A69C92A38735100B76026 /* WebViewModel.swift */ = {isa = PBXFileReference; lastKnownFileType = sourcecode.swift; path = WebViewModel.swift; sourceTree = "<group>"; };
		EA7A69CB2A38736200B76026 /* WebView.storyboard */ = {isa = PBXFileReference; lastKnownFileType = file.storyboard; path = WebView.storyboard; sourceTree = "<group>"; };
		EA7A69CD2A38738400B76026 /* WebViewViewController.swift */ = {isa = PBXFileReference; lastKnownFileType = sourcecode.swift; path = WebViewViewController.swift; sourceTree = "<group>"; };
		EA7A69D72A3874DB00B76026 /* Base */ = {isa = PBXFileReference; lastKnownFileType = file.storyboard; name = Base; path = Base.lproj/Main.storyboard; sourceTree = "<group>"; };
		EA7A69D82A38755E00B76026 /* HomeModel.swift */ = {isa = PBXFileReference; lastKnownFileType = sourcecode.swift; path = HomeModel.swift; sourceTree = "<group>"; };
		EA7A69DA2A38756600B76026 /* Home.storyboard */ = {isa = PBXFileReference; lastKnownFileType = file.storyboard; path = Home.storyboard; sourceTree = "<group>"; };
		EA7A69DC2A38757300B76026 /* HomeViewController.swift */ = {isa = PBXFileReference; lastKnownFileType = sourcecode.swift; path = HomeViewController.swift; sourceTree = "<group>"; };
		EA7A69DE2A38759900B76026 /* SplashScreenViewController.swift */ = {isa = PBXFileReference; lastKnownFileType = sourcecode.swift; path = SplashScreenViewController.swift; sourceTree = "<group>"; };
		EA7A69E32A38808800B76026 /* AppConstants.swift */ = {isa = PBXFileReference; lastKnownFileType = sourcecode.swift; path = AppConstants.swift; sourceTree = "<group>"; };
/* End PBXFileReference section */

/* Begin PBXFrameworksBuildPhase section */
		EA7A69712A386E4900B76026 /* Frameworks */ = {
			isa = PBXFrameworksBuildPhase;
			buildActionMask = 2147483647;
			files = (
			);
			runOnlyForDeploymentPostprocessing = 0;
		};
		EA7A69872A386E4900B76026 /* Frameworks */ = {
			isa = PBXFrameworksBuildPhase;
			buildActionMask = 2147483647;
			files = (
			);
			runOnlyForDeploymentPostprocessing = 0;
		};
		EA7A69912A386E4900B76026 /* Frameworks */ = {
			isa = PBXFrameworksBuildPhase;
			buildActionMask = 2147483647;
			files = (
			);
			runOnlyForDeploymentPostprocessing = 0;
		};
/* End PBXFrameworksBuildPhase section */

/* Begin PBXGroup section */
		EA7A696B2A386E4800B76026 = {
			isa = PBXGroup;
			children = (
				EA7A69762A386E4900B76026 /* TamatemPlus */,
				EA7A698D2A386E4900B76026 /* TamatemPlusTests */,
				EA7A69972A386E4900B76026 /* TamatemPlusUITests */,
				EA7A69752A386E4900B76026 /* Products */,
			);
			sourceTree = "<group>";
		};
		EA7A69752A386E4900B76026 /* Products */ = {
			isa = PBXGroup;
			children = (
				EA7A69742A386E4900B76026 /* TamatemPlus.app */,
				EA7A698A2A386E4900B76026 /* TamatemPlusTests.xctest */,
				EA7A69942A386E4900B76026 /* TamatemPlusUITests.xctest */,
			);
			name = Products;
			sourceTree = "<group>";
		};
		EA7A69762A386E4900B76026 /* TamatemPlus */ = {
			isa = PBXGroup;
			children = (
				EA7A69A72A386E5800B76026 /* AppDelegate */,
				EA7A69BF2A3871C800B76026 /* Shared */,
				EA7A69AA2A386F8000B76026 /* Extensions */,
				EA7A69A92A386F6600B76026 /* Modules */,
				EA7A69AB2A386F9700B76026 /* Resources */,
			);
			path = TamatemPlus;
			sourceTree = "<group>";
		};
		EA7A698D2A386E4900B76026 /* TamatemPlusTests */ = {
			isa = PBXGroup;
			children = (
				EA7A698E2A386E4900B76026 /* TamatemPlusTests.swift */,
			);
			path = TamatemPlusTests;
			sourceTree = "<group>";
		};
		EA7A69972A386E4900B76026 /* TamatemPlusUITests */ = {
			isa = PBXGroup;
			children = (
				EA7A69982A386E4900B76026 /* TamatemPlusUITests.swift */,
				EA7A699A2A386E4900B76026 /* TamatemPlusUITestsLaunchTests.swift */,
			);
			path = TamatemPlusUITests;
			sourceTree = "<group>";
		};
		EA7A69A72A386E5800B76026 /* AppDelegate */ = {
			isa = PBXGroup;
			children = (
				EA7A69A82A386EA500B76026 /* Plist */,
				EA7A69772A386E4900B76026 /* AppDelegate.swift */,
				EA7A69792A386E4900B76026 /* SceneDelegate.swift */,
			);
			path = AppDelegate;
			sourceTree = "<group>";
		};
		EA7A69A82A386EA500B76026 /* Plist */ = {
			isa = PBXGroup;
			children = (
				EA7A69852A386E4900B76026 /* Info.plist */,
			);
			path = Plist;
			sourceTree = "<group>";
		};
		EA7A69A92A386F6600B76026 /* Modules */ = {
			isa = PBXGroup;
			children = (
				EA7A69C52A3872F800B76026 /* WebView */,
				EA7A69AE2A38700300B76026 /* Home */,
				EA7A69D02A3874B000B76026 /* SplashScreen */,
				EA7A69B62A3870D200B76026 /* Base */,
			);
			path = Modules;
			sourceTree = "<group>";
		};
		EA7A69AA2A386F8000B76026 /* Extensions */ = {
			isa = PBXGroup;
			children = (
				EA7A69B92A38711700B76026 /* UIApplication.swift */,
				EA7A69BB2A38714500B76026 /* UIView.swift */,
				EA7A69BD2A38718900B76026 /* UIViewController.swift */,
			);
			path = Extensions;
			sourceTree = "<group>";
		};
		EA7A69AB2A386F9700B76026 /* Resources */ = {
			isa = PBXGroup;
			children = (
				EA7A69AC2A386FBD00B76026 /* Assets */,
			);
			path = Resources;
			sourceTree = "<group>";
		};
		EA7A69AC2A386FBD00B76026 /* Assets */ = {
			isa = PBXGroup;
			children = (
				EA7A69AD2A386FDF00B76026 /* colors.xcassets */,
				EA7A69802A386E4900B76026 /* Assets.xcassets */,
			);
			path = Assets;
			sourceTree = "<group>";
		};
		EA7A69AE2A38700300B76026 /* Home */ = {
			isa = PBXGroup;
			children = (
				EA7A69D32A3874DB00B76026 /* Model */,
				EA7A69D52A3874DB00B76026 /* View */,
				EA7A69D12A3874DB00B76026 /* ViewController */,
			);
			path = Home;
			sourceTree = "<group>";
		};
		EA7A69AF2A38704300B76026 /* View */ = {
			isa = PBXGroup;
			children = (
				EA7A69D62A3874DB00B76026 /* Main.storyboard */,
			);
			path = View;
			sourceTree = "<group>";
		};
		EA7A69B02A38706700B76026 /* ViewController */ = {
			isa = PBXGroup;
			children = (
				EA7A69DE2A38759900B76026 /* SplashScreenViewController.swift */,
			);
			path = ViewController;
			sourceTree = "<group>";
		};
		EA7A69B62A3870D200B76026 /* Base */ = {
			isa = PBXGroup;
			children = (
				EA7A69CF2A3873BE00B76026 /* ViewController */,
			);
			path = Base;
			sourceTree = "<group>";
		};
		EA7A69BF2A3871C800B76026 /* Shared */ = {
			isa = PBXGroup;
			children = (
				EA7A69E22A38807600B76026 /* AppConstants */,
				EA7A69C02A38720B00B76026 /* Storyboards */,
			);
			path = Shared;
			sourceTree = "<group>";
		};
		EA7A69C02A38720B00B76026 /* Storyboards */ = {
			isa = PBXGroup;
			children = (
				EA7A69822A386E4900B76026 /* LaunchScreen.storyboard */,
				EA7A69C12A38721700B76026 /* Storyboards.swift */,
				EA7A69C32A38722500B76026 /* StoryboardIdentifiable.swift */,
			);
			path = Storyboards;
			sourceTree = "<group>";
		};
		EA7A69C52A3872F800B76026 /* WebView */ = {
			isa = PBXGroup;
			children = (
				EA7A69C62A38731300B76026 /* Model */,
				EA7A69C72A38731B00B76026 /* View */,
				EA7A69C82A38732200B76026 /* ViewController */,
			);
			path = WebView;
			sourceTree = "<group>";
		};
		EA7A69C62A38731300B76026 /* Model */ = {
			isa = PBXGroup;
			children = (
				EA7A69C92A38735100B76026 /* WebViewModel.swift */,
			);
			path = Model;
			sourceTree = "<group>";
		};
		EA7A69C72A38731B00B76026 /* View */ = {
			isa = PBXGroup;
			children = (
				EA7A69CB2A38736200B76026 /* WebView.storyboard */,
			);
			path = View;
			sourceTree = "<group>";
		};
		EA7A69C82A38732200B76026 /* ViewController */ = {
			isa = PBXGroup;
			children = (
				EA7A69CD2A38738400B76026 /* WebViewViewController.swift */,
			);
			path = ViewController;
			sourceTree = "<group>";
		};
		EA7A69CF2A3873BE00B76026 /* ViewController */ = {
			isa = PBXGroup;
			children = (
				EA7A69B72A3870E500B76026 /* BaseViewController.swift */,
			);
			path = ViewController;
			sourceTree = "<group>";
		};
		EA7A69D02A3874B000B76026 /* SplashScreen */ = {
			isa = PBXGroup;
			children = (
				EA7A69AF2A38704300B76026 /* View */,
				EA7A69B02A38706700B76026 /* ViewController */,
			);
			path = SplashScreen;
			sourceTree = "<group>";
		};
		EA7A69D12A3874DB00B76026 /* ViewController */ = {
			isa = PBXGroup;
			children = (
				EA7A69DC2A38757300B76026 /* HomeViewController.swift */,
			);
			path = ViewController;
			sourceTree = "<group>";
		};
		EA7A69D32A3874DB00B76026 /* Model */ = {
			isa = PBXGroup;
			children = (
				EA7A69D82A38755E00B76026 /* HomeModel.swift */,
			);
			path = Model;
			sourceTree = "<group>";
		};
		EA7A69D52A3874DB00B76026 /* View */ = {
			isa = PBXGroup;
			children = (
				EA7A69DA2A38756600B76026 /* Home.storyboard */,
			);
			path = View;
			sourceTree = "<group>";
		};
		EA7A69E22A38807600B76026 /* AppConstants */ = {
			isa = PBXGroup;
			children = (
				EA7A69E32A38808800B76026 /* AppConstants.swift */,
			);
			path = AppConstants;
			sourceTree = "<group>";
		};
/* End PBXGroup section */

/* Begin PBXNativeTarget section */
		EA7A69732A386E4900B76026 /* TamatemPlus */ = {
			isa = PBXNativeTarget;
			buildConfigurationList = EA7A699E2A386E4900B76026 /* Build configuration list for PBXNativeTarget "TamatemPlus" */;
			buildPhases = (
				EA7A69702A386E4900B76026 /* Sources */,
				EA7A69712A386E4900B76026 /* Frameworks */,
				EA7A69722A386E4900B76026 /* Resources */,
			);
			buildRules = (
			);
			dependencies = (
			);
			name = TamatemPlus;
			productName = TamatemPlus;
			productReference = EA7A69742A386E4900B76026 /* TamatemPlus.app */;
			productType = "com.apple.product-type.application";
		};
		EA7A69892A386E4900B76026 /* TamatemPlusTests */ = {
			isa = PBXNativeTarget;
			buildConfigurationList = EA7A69A12A386E4900B76026 /* Build configuration list for PBXNativeTarget "TamatemPlusTests" */;
			buildPhases = (
				EA7A69862A386E4900B76026 /* Sources */,
				EA7A69872A386E4900B76026 /* Frameworks */,
				EA7A69882A386E4900B76026 /* Resources */,
			);
			buildRules = (
			);
			dependencies = (
				EA7A698C2A386E4900B76026 /* PBXTargetDependency */,
			);
			name = TamatemPlusTests;
			productName = TamatemPlusTests;
			productReference = EA7A698A2A386E4900B76026 /* TamatemPlusTests.xctest */;
			productType = "com.apple.product-type.bundle.unit-test";
		};
		EA7A69932A386E4900B76026 /* TamatemPlusUITests */ = {
			isa = PBXNativeTarget;
			buildConfigurationList = EA7A69A42A386E4900B76026 /* Build configuration list for PBXNativeTarget "TamatemPlusUITests" */;
			buildPhases = (
				EA7A69902A386E4900B76026 /* Sources */,
				EA7A69912A386E4900B76026 /* Frameworks */,
				EA7A69922A386E4900B76026 /* Resources */,
			);
			buildRules = (
			);
			dependencies = (
				EA7A69962A386E4900B76026 /* PBXTargetDependency */,
			);
			name = TamatemPlusUITests;
			productName = TamatemPlusUITests;
			productReference = EA7A69942A386E4900B76026 /* TamatemPlusUITests.xctest */;
			productType = "com.apple.product-type.bundle.ui-testing";
		};
/* End PBXNativeTarget section */

/* Begin PBXProject section */
		EA7A696C2A386E4800B76026 /* Project object */ = {
			isa = PBXProject;
			attributes = {
				BuildIndependentTargetsInParallel = 1;
				LastSwiftUpdateCheck = 1430;
				LastUpgradeCheck = 1430;
				TargetAttributes = {
					EA7A69732A386E4900B76026 = {
						CreatedOnToolsVersion = 14.3.1;
					};
					EA7A69892A386E4900B76026 = {
						CreatedOnToolsVersion = 14.3.1;
						TestTargetID = EA7A69732A386E4900B76026;
					};
					EA7A69932A386E4900B76026 = {
						CreatedOnToolsVersion = 14.3.1;
						TestTargetID = EA7A69732A386E4900B76026;
					};
				};
			};
			buildConfigurationList = EA7A696F2A386E4800B76026 /* Build configuration list for PBXProject "TamatemPlus" */;
			compatibilityVersion = "Xcode 14.0";
			developmentRegion = en;
			hasScannedForEncodings = 0;
			knownRegions = (
				en,
				Base,
			);
			mainGroup = EA7A696B2A386E4800B76026;
			productRefGroup = EA7A69752A386E4900B76026 /* Products */;
			projectDirPath = "";
			projectRoot = "";
			targets = (
				EA7A69732A386E4900B76026 /* TamatemPlus */,
				EA7A69892A386E4900B76026 /* TamatemPlusTests */,
				EA7A69932A386E4900B76026 /* TamatemPlusUITests */,
			);
		};
/* End PBXProject section */

/* Begin PBXResourcesBuildPhase section */
		EA7A69722A386E4900B76026 /* Resources */ = {
			isa = PBXResourcesBuildPhase;
			buildActionMask = 2147483647;
			files = (
				EA7A69E12A387B8B00B76026 /* Main.storyboard in Resources */,
				EA7A69E02A38789100B76026 /* colors.xcassets in Resources */,
				EA7A69842A386E4900B76026 /* LaunchScreen.storyboard in Resources */,
				EA7A69812A386E4900B76026 /* Assets.xcassets in Resources */,
				EA7A69CC2A38736200B76026 /* WebView.storyboard in Resources */,
				EA7A69DB2A38756600B76026 /* Home.storyboard in Resources */,
			);
			runOnlyForDeploymentPostprocessing = 0;
		};
		EA7A69882A386E4900B76026 /* Resources */ = {
			isa = PBXResourcesBuildPhase;
			buildActionMask = 2147483647;
			files = (
			);
			runOnlyForDeploymentPostprocessing = 0;
		};
		EA7A69922A386E4900B76026 /* Resources */ = {
			isa = PBXResourcesBuildPhase;
			buildActionMask = 2147483647;
			files = (
			);
			runOnlyForDeploymentPostprocessing = 0;
		};
/* End PBXResourcesBuildPhase section */

/* Begin PBXSourcesBuildPhase section */
		EA7A69702A386E4900B76026 /* Sources */ = {
			isa = PBXSourcesBuildPhase;
			buildActionMask = 2147483647;
			files = (
				EA7A69BA2A38711700B76026 /* UIApplication.swift in Sources */,
				EA7A69B82A3870E500B76026 /* BaseViewController.swift in Sources */,
				EA7A69D92A38755E00B76026 /* HomeModel.swift in Sources */,
				EA7A69DF2A38759900B76026 /* SplashScreenViewController.swift in Sources */,
				EA7A69782A386E4900B76026 /* AppDelegate.swift in Sources */,
				EA7A69BC2A38714500B76026 /* UIView.swift in Sources */,
				EA7A69C42A38722500B76026 /* StoryboardIdentifiable.swift in Sources */,
				EA7A697A2A386E4900B76026 /* SceneDelegate.swift in Sources */,
				EA7A69CA2A38735100B76026 /* WebViewModel.swift in Sources */,
				EA7A69C22A38721700B76026 /* Storyboards.swift in Sources */,
				EA7A69BE2A38718900B76026 /* UIViewController.swift in Sources */,
				EA7A69E42A38808800B76026 /* AppConstants.swift in Sources */,
				EA7A69CE2A38738400B76026 /* WebViewViewController.swift in Sources */,
				EA7A69DD2A38757300B76026 /* HomeViewController.swift in Sources */,
			);
			runOnlyForDeploymentPostprocessing = 0;
		};
		EA7A69862A386E4900B76026 /* Sources */ = {
			isa = PBXSourcesBuildPhase;
			buildActionMask = 2147483647;
			files = (
				EA7A698F2A386E4900B76026 /* TamatemPlusTests.swift in Sources */,
			);
			runOnlyForDeploymentPostprocessing = 0;
		};
		EA7A69902A386E4900B76026 /* Sources */ = {
			isa = PBXSourcesBuildPhase;
			buildActionMask = 2147483647;
			files = (
				EA7A699B2A386E4900B76026 /* TamatemPlusUITestsLaunchTests.swift in Sources */,
				EA7A69992A386E4900B76026 /* TamatemPlusUITests.swift in Sources */,
			);
			runOnlyForDeploymentPostprocessing = 0;
		};
/* End PBXSourcesBuildPhase section */

/* Begin PBXTargetDependency section */
		EA7A698C2A386E4900B76026 /* PBXTargetDependency */ = {
			isa = PBXTargetDependency;
			target = EA7A69732A386E4900B76026 /* TamatemPlus */;
			targetProxy = EA7A698B2A386E4900B76026 /* PBXContainerItemProxy */;
		};
		EA7A69962A386E4900B76026 /* PBXTargetDependency */ = {
			isa = PBXTargetDependency;
			target = EA7A69732A386E4900B76026 /* TamatemPlus */;
			targetProxy = EA7A69952A386E4900B76026 /* PBXContainerItemProxy */;
		};
/* End PBXTargetDependency section */

/* Begin PBXVariantGroup section */
		EA7A69822A386E4900B76026 /* LaunchScreen.storyboard */ = {
			isa = PBXVariantGroup;
			children = (
				EA7A69832A386E4900B76026 /* Base */,
			);
			name = LaunchScreen.storyboard;
			sourceTree = "<group>";
		};
		EA7A69D62A3874DB00B76026 /* Main.storyboard */ = {
			isa = PBXVariantGroup;
			children = (
				EA7A69D72A3874DB00B76026 /* Base */,
			);
			name = Main.storyboard;
			sourceTree = "<group>";
		};
/* End PBXVariantGroup section */

/* Begin XCBuildConfiguration section */
		EA7A699C2A386E4900B76026 /* Debug */ = {
			isa = XCBuildConfiguration;
			buildSettings = {
				ALWAYS_SEARCH_USER_PATHS = NO;
				CLANG_ANALYZER_NONNULL = YES;
				CLANG_ANALYZER_NUMBER_OBJECT_CONVERSION = YES_AGGRESSIVE;
				CLANG_CXX_LANGUAGE_STANDARD = "gnu++20";
				CLANG_ENABLE_MODULES = YES;
				CLANG_ENABLE_OBJC_ARC = YES;
				CLANG_ENABLE_OBJC_WEAK = YES;
				CLANG_WARN_BLOCK_CAPTURE_AUTORELEASING = YES;
				CLANG_WARN_BOOL_CONVERSION = YES;
				CLANG_WARN_COMMA = YES;
				CLANG_WARN_CONSTANT_CONVERSION = YES;
				CLANG_WARN_DEPRECATED_OBJC_IMPLEMENTATIONS = YES;
				CLANG_WARN_DIRECT_OBJC_ISA_USAGE = YES_ERROR;
				CLANG_WARN_DOCUMENTATION_COMMENTS = YES;
				CLANG_WARN_EMPTY_BODY = YES;
				CLANG_WARN_ENUM_CONVERSION = YES;
				CLANG_WARN_INFINITE_RECURSION = YES;
				CLANG_WARN_INT_CONVERSION = YES;
				CLANG_WARN_NON_LITERAL_NULL_CONVERSION = YES;
				CLANG_WARN_OBJC_IMPLICIT_RETAIN_SELF = YES;
				CLANG_WARN_OBJC_LITERAL_CONVERSION = YES;
				CLANG_WARN_OBJC_ROOT_CLASS = YES_ERROR;
				CLANG_WARN_QUOTED_INCLUDE_IN_FRAMEWORK_HEADER = YES;
				CLANG_WARN_RANGE_LOOP_ANALYSIS = YES;
				CLANG_WARN_STRICT_PROTOTYPES = YES;
				CLANG_WARN_SUSPICIOUS_MOVE = YES;
				CLANG_WARN_UNGUARDED_AVAILABILITY = YES_AGGRESSIVE;
				CLANG_WARN_UNREACHABLE_CODE = YES;
				CLANG_WARN__DUPLICATE_METHOD_MATCH = YES;
				COPY_PHASE_STRIP = NO;
				DEBUG_INFORMATION_FORMAT = dwarf;
				ENABLE_STRICT_OBJC_MSGSEND = YES;
				ENABLE_TESTABILITY = YES;
				GCC_C_LANGUAGE_STANDARD = gnu11;
				GCC_DYNAMIC_NO_PIC = NO;
				GCC_NO_COMMON_BLOCKS = YES;
				GCC_OPTIMIZATION_LEVEL = 0;
				GCC_PREPROCESSOR_DEFINITIONS = (
					"DEBUG=1",
					"$(inherited)",
				);
				GCC_WARN_64_TO_32_BIT_CONVERSION = YES;
				GCC_WARN_ABOUT_RETURN_TYPE = YES_ERROR;
				GCC_WARN_UNDECLARED_SELECTOR = YES;
				GCC_WARN_UNINITIALIZED_AUTOS = YES_AGGRESSIVE;
				GCC_WARN_UNUSED_FUNCTION = YES;
				GCC_WARN_UNUSED_VARIABLE = YES;
				IPHONEOS_DEPLOYMENT_TARGET = 16.4;
				MTL_ENABLE_DEBUG_INFO = INCLUDE_SOURCE;
				MTL_FAST_MATH = YES;
				ONLY_ACTIVE_ARCH = YES;
				SDKROOT = iphoneos;
				SWIFT_ACTIVE_COMPILATION_CONDITIONS = DEBUG;
				SWIFT_OPTIMIZATION_LEVEL = "-Onone";
			};
			name = Debug;
		};
		EA7A699D2A386E4900B76026 /* Release */ = {
			isa = XCBuildConfiguration;
			buildSettings = {
				ALWAYS_SEARCH_USER_PATHS = NO;
				CLANG_ANALYZER_NONNULL = YES;
				CLANG_ANALYZER_NUMBER_OBJECT_CONVERSION = YES_AGGRESSIVE;
				CLANG_CXX_LANGUAGE_STANDARD = "gnu++20";
				CLANG_ENABLE_MODULES = YES;
				CLANG_ENABLE_OBJC_ARC = YES;
				CLANG_ENABLE_OBJC_WEAK = YES;
				CLANG_WARN_BLOCK_CAPTURE_AUTORELEASING = YES;
				CLANG_WARN_BOOL_CONVERSION = YES;
				CLANG_WARN_COMMA = YES;
				CLANG_WARN_CONSTANT_CONVERSION = YES;
				CLANG_WARN_DEPRECATED_OBJC_IMPLEMENTATIONS = YES;
				CLANG_WARN_DIRECT_OBJC_ISA_USAGE = YES_ERROR;
				CLANG_WARN_DOCUMENTATION_COMMENTS = YES;
				CLANG_WARN_EMPTY_BODY = YES;
				CLANG_WARN_ENUM_CONVERSION = YES;
				CLANG_WARN_INFINITE_RECURSION = YES;
				CLANG_WARN_INT_CONVERSION = YES;
				CLANG_WARN_NON_LITERAL_NULL_CONVERSION = YES;
				CLANG_WARN_OBJC_IMPLICIT_RETAIN_SELF = YES;
				CLANG_WARN_OBJC_LITERAL_CONVERSION = YES;
				CLANG_WARN_OBJC_ROOT_CLASS = YES_ERROR;
				CLANG_WARN_QUOTED_INCLUDE_IN_FRAMEWORK_HEADER = YES;
				CLANG_WARN_RANGE_LOOP_ANALYSIS = YES;
				CLANG_WARN_STRICT_PROTOTYPES = YES;
				CLANG_WARN_SUSPICIOUS_MOVE = YES;
				CLANG_WARN_UNGUARDED_AVAILABILITY = YES_AGGRESSIVE;
				CLANG_WARN_UNREACHABLE_CODE = YES;
				CLANG_WARN__DUPLICATE_METHOD_MATCH = YES;
				COPY_PHASE_STRIP = NO;
				DEBUG_INFORMATION_FORMAT = "dwarf-with-dsym";
				ENABLE_NS_ASSERTIONS = NO;
				ENABLE_STRICT_OBJC_MSGSEND = YES;
				GCC_C_LANGUAGE_STANDARD = gnu11;
				GCC_NO_COMMON_BLOCKS = YES;
				GCC_WARN_64_TO_32_BIT_CONVERSION = YES;
				GCC_WARN_ABOUT_RETURN_TYPE = YES_ERROR;
				GCC_WARN_UNDECLARED_SELECTOR = YES;
				GCC_WARN_UNINITIALIZED_AUTOS = YES_AGGRESSIVE;
				GCC_WARN_UNUSED_FUNCTION = YES;
				GCC_WARN_UNUSED_VARIABLE = YES;
				IPHONEOS_DEPLOYMENT_TARGET = 16.4;
				MTL_ENABLE_DEBUG_INFO = NO;
				MTL_FAST_MATH = YES;
				SDKROOT = iphoneos;
				SWIFT_COMPILATION_MODE = wholemodule;
				SWIFT_OPTIMIZATION_LEVEL = "-O";
				VALIDATE_PRODUCT = YES;
			};
			name = Release;
		};
		EA7A699F2A386E4900B76026 /* Debug */ = {
			isa = XCBuildConfiguration;
			buildSettings = {
				ASSETCATALOG_COMPILER_APPICON_NAME = AppIcon;
				ASSETCATALOG_COMPILER_GLOBAL_ACCENT_COLOR_NAME = AccentColor;
				CODE_SIGN_STYLE = Automatic;
				CURRENT_PROJECT_VERSION = 1;
				DEVELOPMENT_TEAM = MV7SCMNY2B;
				GENERATE_INFOPLIST_FILE = YES;
				INFOPLIST_FILE = TamatemPlus/AppDelegate/Plist/Info.plist;
				INFOPLIST_KEY_CFBundleDisplayName = "Tamatem Plus";
				INFOPLIST_KEY_LSApplicationCategoryType = "public.app-category.games";
				INFOPLIST_KEY_UIApplicationSupportsIndirectInputEvents = YES;
				INFOPLIST_KEY_UILaunchStoryboardName = LaunchScreen;
				INFOPLIST_KEY_UIMainStoryboardFile = Main;
				INFOPLIST_KEY_UIStatusBarStyle = UIStatusBarStyleLightContent;
				INFOPLIST_KEY_UISupportedInterfaceOrientations = "UIInterfaceOrientationLandscapeLeft UIInterfaceOrientationLandscapeRight UIInterfaceOrientationPortrait";
				INFOPLIST_KEY_UISupportedInterfaceOrientations_iPad = "UIInterfaceOrientationLandscapeLeft UIInterfaceOrientationLandscapeRight UIInterfaceOrientationPortrait UIInterfaceOrientationPortraitUpsideDown";
				INFOPLIST_KEY_UIUserInterfaceStyle = Light;
				IPHONEOS_DEPLOYMENT_TARGET = 13.0;
				LD_RUNPATH_SEARCH_PATHS = (
					"$(inherited)",
					"@executable_path/Frameworks",
				);
				MARKETING_VERSION = 1.0;
				PRODUCT_BUNDLE_IDENTIFIER = com.zfarouqi.TamatemPlus;
				PRODUCT_NAME = "$(TARGET_NAME)";
				SWIFT_EMIT_LOC_STRINGS = YES;
				SWIFT_VERSION = 5.0;
				TARGETED_DEVICE_FAMILY = "1,2";
			};
			name = Debug;
		};
		EA7A69A02A386E4900B76026 /* Release */ = {
			isa = XCBuildConfiguration;
			buildSettings = {
				ASSETCATALOG_COMPILER_APPICON_NAME = AppIcon;
				ASSETCATALOG_COMPILER_GLOBAL_ACCENT_COLOR_NAME = AccentColor;
				CODE_SIGN_STYLE = Automatic;
				CURRENT_PROJECT_VERSION = 1;
				DEVELOPMENT_TEAM = MV7SCMNY2B;
				GENERATE_INFOPLIST_FILE = YES;
				INFOPLIST_FILE = TamatemPlus/AppDelegate/Plist/Info.plist;
				INFOPLIST_KEY_CFBundleDisplayName = "Tamatem Plus";
				INFOPLIST_KEY_LSApplicationCategoryType = "public.app-category.games";
				INFOPLIST_KEY_UIApplicationSupportsIndirectInputEvents = YES;
				INFOPLIST_KEY_UILaunchStoryboardName = LaunchScreen;
				INFOPLIST_KEY_UIMainStoryboardFile = Main;
				INFOPLIST_KEY_UIStatusBarStyle = UIStatusBarStyleLightContent;
				INFOPLIST_KEY_UISupportedInterfaceOrientations = "UIInterfaceOrientationLandscapeLeft UIInterfaceOrientationLandscapeRight UIInterfaceOrientationPortrait";
				INFOPLIST_KEY_UISupportedInterfaceOrientations_iPad = "UIInterfaceOrientationLandscapeLeft UIInterfaceOrientationLandscapeRight UIInterfaceOrientationPortrait UIInterfaceOrientationPortraitUpsideDown";
				INFOPLIST_KEY_UIUserInterfaceStyle = Light;
				IPHONEOS_DEPLOYMENT_TARGET = 13.0;
				LD_RUNPATH_SEARCH_PATHS = (
					"$(inherited)",
					"@executable_path/Frameworks",
				);
				MARKETING_VERSION = 1.0;
				PRODUCT_BUNDLE_IDENTIFIER = com.zfarouqi.TamatemPlus;
				PRODUCT_NAME = "$(TARGET_NAME)";
				SWIFT_EMIT_LOC_STRINGS = YES;
				SWIFT_VERSION = 5.0;
				TARGETED_DEVICE_FAMILY = "1,2";
			};
			name = Release;
		};
		EA7A69A22A386E4900B76026 /* Debug */ = {
			isa = XCBuildConfiguration;
			buildSettings = {
				ALWAYS_EMBED_SWIFT_STANDARD_LIBRARIES = YES;
				BUNDLE_LOADER = "$(TEST_HOST)";
				CODE_SIGN_STYLE = Automatic;
				CURRENT_PROJECT_VERSION = 1;
				DEVELOPMENT_TEAM = MV7SCMNY2B;
				GENERATE_INFOPLIST_FILE = YES;
				IPHONEOS_DEPLOYMENT_TARGET = 16.4;
				MARKETING_VERSION = 1.0;
				PRODUCT_BUNDLE_IDENTIFIER = com.zfarouqi.TamatemPlusTests;
				PRODUCT_NAME = "$(TARGET_NAME)";
				SWIFT_EMIT_LOC_STRINGS = NO;
				SWIFT_VERSION = 5.0;
				TARGETED_DEVICE_FAMILY = "1,2";
				TEST_HOST = "$(BUILT_PRODUCTS_DIR)/TamatemPlus.app/$(BUNDLE_EXECUTABLE_FOLDER_PATH)/TamatemPlus";
			};
			name = Debug;
		};
		EA7A69A32A386E4900B76026 /* Release */ = {
			isa = XCBuildConfiguration;
			buildSettings = {
				ALWAYS_EMBED_SWIFT_STANDARD_LIBRARIES = YES;
				BUNDLE_LOADER = "$(TEST_HOST)";
				CODE_SIGN_STYLE = Automatic;
				CURRENT_PROJECT_VERSION = 1;
				DEVELOPMENT_TEAM = MV7SCMNY2B;
				GENERATE_INFOPLIST_FILE = YES;
				IPHONEOS_DEPLOYMENT_TARGET = 16.4;
				MARKETING_VERSION = 1.0;
				PRODUCT_BUNDLE_IDENTIFIER = com.zfarouqi.TamatemPlusTests;
				PRODUCT_NAME = "$(TARGET_NAME)";
				SWIFT_EMIT_LOC_STRINGS = NO;
				SWIFT_VERSION = 5.0;
				TARGETED_DEVICE_FAMILY = "1,2";
				TEST_HOST = "$(BUILT_PRODUCTS_DIR)/TamatemPlus.app/$(BUNDLE_EXECUTABLE_FOLDER_PATH)/TamatemPlus";
			};
			name = Release;
		};
		EA7A69A52A386E4900B76026 /* Debug */ = {
			isa = XCBuildConfiguration;
			buildSettings = {
				ALWAYS_EMBED_SWIFT_STANDARD_LIBRARIES = YES;
				CODE_SIGN_STYLE = Automatic;
				CURRENT_PROJECT_VERSION = 1;
				DEVELOPMENT_TEAM = MV7SCMNY2B;
				GENERATE_INFOPLIST_FILE = YES;
				MARKETING_VERSION = 1.0;
				PRODUCT_BUNDLE_IDENTIFIER = com.zfarouqi.TamatemPlusUITests;
				PRODUCT_NAME = "$(TARGET_NAME)";
				SWIFT_EMIT_LOC_STRINGS = NO;
				SWIFT_VERSION = 5.0;
				TARGETED_DEVICE_FAMILY = "1,2";
				TEST_TARGET_NAME = TamatemPlus;
			};
			name = Debug;
		};
		EA7A69A62A386E4900B76026 /* Release */ = {
			isa = XCBuildConfiguration;
			buildSettings = {
				ALWAYS_EMBED_SWIFT_STANDARD_LIBRARIES = YES;
				CODE_SIGN_STYLE = Automatic;
				CURRENT_PROJECT_VERSION = 1;
				DEVELOPMENT_TEAM = MV7SCMNY2B;
				GENERATE_INFOPLIST_FILE = YES;
				MARKETING_VERSION = 1.0;
				PRODUCT_BUNDLE_IDENTIFIER = com.zfarouqi.TamatemPlusUITests;
				PRODUCT_NAME = "$(TARGET_NAME)";
				SWIFT_EMIT_LOC_STRINGS = NO;
				SWIFT_VERSION = 5.0;
				TARGETED_DEVICE_FAMILY = "1,2";
				TEST_TARGET_NAME = TamatemPlus;
			};
			name = Release;
		};
/* End XCBuildConfiguration section */

/* Begin XCConfigurationList section */
		EA7A696F2A386E4800B76026 /* Build configuration list for PBXProject "TamatemPlus" */ = {
			isa = XCConfigurationList;
			buildConfigurations = (
				EA7A699C2A386E4900B76026 /* Debug */,
				EA7A699D2A386E4900B76026 /* Release */,
			);
			defaultConfigurationIsVisible = 0;
			defaultConfigurationName = Release;
		};
		EA7A699E2A386E4900B76026 /* Build configuration list for PBXNativeTarget "TamatemPlus" */ = {
			isa = XCConfigurationList;
			buildConfigurations = (
				EA7A699F2A386E4900B76026 /* Debug */,
				EA7A69A02A386E4900B76026 /* Release */,
			);
			defaultConfigurationIsVisible = 0;
			defaultConfigurationName = Release;
		};
		EA7A69A12A386E4900B76026 /* Build configuration list for PBXNativeTarget "TamatemPlusTests" */ = {
			isa = XCConfigurationList;
			buildConfigurations = (
				EA7A69A22A386E4900B76026 /* Debug */,
				EA7A69A32A386E4900B76026 /* Release */,
			);
			defaultConfigurationIsVisible = 0;
			defaultConfigurationName = Release;
		};
		EA7A69A42A386E4900B76026 /* Build configuration list for PBXNativeTarget "TamatemPlusUITests" */ = {
			isa = XCConfigurationList;
			buildConfigurations = (
				EA7A69A52A386E4900B76026 /* Debug */,
				EA7A69A62A386E4900B76026 /* Release */,
			);
			defaultConfigurationIsVisible = 0;
			defaultConfigurationName = Release;
		};
/* End XCConfigurationList section */
	};
	rootObject = EA7A696C2A386E4800B76026 /* Project object */;
}
